
Microsoft Visual Studio Solution File, Format Version 12.00
# Visual Studio Version 17
VisualStudioVersion = 17.6.33815.320
MinimumVisualStudioVersion = 10.0.40219.1
Project("{FAE04EC0-301F-11D3-BF4B-00C04F79EFBC}") = "ConsoleApp1", "ConsoleApp1\ConsoleApp1.csproj", "{1CFD5AD4-5A7F-4E12-BA98-05B575E85981}"
EndProject
Global
	GlobalSection(SolutionConfigurationPlatforms) = preSolution
		Debug|Any CPU = Debug|Any CPU
		Release|Any CPU = Release|Any CPU
	EndGlobalSection
	GlobalSection(ProjectConfigurationPlatforms) = postSolution
		{1CFD5AD4-5A7F-4E12-BA98-05B575E85981}.Debug|Any CPU.ActiveCfg = Debug|Any CPU
		{1CFD5AD4-5A7F-4E12-BA98-05B575E85981}.Debug|Any CPU.Build.0 = Debug|Any CPU
		{1CFD5AD4-5A7F-4E12-BA98-05B575E85981}.Release|Any CPU.ActiveCfg = Release|Any CPU
		{1CFD5AD4-5A7F-4E12-BA98-05B575E85981}.Release|Any CPU.Build.0 = Release|Any CPU
	EndGlobalSection
	GlobalSection(SolutionProperties) = preSolution
		HideSolutionNode = FALSE
	EndGlobalSection
	GlobalSection(ExtensibilityGlobals) = postSolution
		SolutionGuid = {5CD7D2F2-A4F5-42AB-8C32-BD6CADFCE6C5}
	EndGlobalSection
EndGlobal
