
Microsoft Visual Studio Solution File, Format Version 12.00
# Visual Studio Version 17
VisualStudioVersion = 17.6.33815.320
MinimumVisualStudioVersion = 10.0.40219.1
Project("{FAE04EC0-301F-11D3-BF4B-00C04F79EFBC}") = "Server", "Server\Server.csproj", "{98DFCB41-04CF-40C9-8E71-00BAF3324983}"
EndProject
Project("{FAE04EC0-301F-11D3-BF4B-00C04F79EFBC}") = "HOST", "HOST\HOST.csproj", "{1C964819-CBE4-45ED-A339-E644825DDC87}"
	ProjectSection(ProjectDependencies) = postProject
		{98DFCB41-04CF-40C9-8E71-00BAF3324983} = {98DFCB41-04CF-40C9-8E71-00BAF3324983}
	EndProjectSection
EndProject
Global
	GlobalSection(SolutionConfigurationPlatforms) = preSolution
		Debug|Any CPU = Debug|Any CPU
		Release|Any CPU = Release|Any CPU
	EndGlobalSection
	GlobalSection(ProjectConfigurationPlatforms) = postSolution
		{98DFCB41-04CF-40C9-8E71-00BAF3324983}.Debug|Any CPU.ActiveCfg = Debug|Any CPU
		{98DFCB41-04CF-40C9-8E71-00BAF3324983}.Debug|Any CPU.Build.0 = Debug|Any CPU
		{98DFCB41-04CF-40C9-8E71-00BAF3324983}.Release|Any CPU.ActiveCfg = Release|Any CPU
		{98DFCB41-04CF-40C9-8E71-00BAF3324983}.Release|Any CPU.Build.0 = Release|Any CPU
		{1C964819-CBE4-45ED-A339-E644825DDC87}.Debug|Any CPU.ActiveCfg = Debug|Any CPU
		{1C964819-CBE4-45ED-A339-E644825DDC87}.Debug|Any CPU.Build.0 = Debug|Any CPU
		{1C964819-CBE4-45ED-A339-E644825DDC87}.Release|Any CPU.ActiveCfg = Release|Any CPU
		{1C964819-CBE4-45ED-A339-E644825DDC87}.Release|Any CPU.Build.0 = Release|Any CPU
	EndGlobalSection
	GlobalSection(SolutionProperties) = preSolution
		HideSolutionNode = FALSE
	EndGlobalSection
	GlobalSection(ExtensibilityGlobals) = postSolution
		SolutionGuid = {18CB8BC2-35F6-4A25-B069-F80B6DC35932}
	EndGlobalSection
EndGlobal
