
Microsoft Visual Studio Solution File, Format Version 12.00
# Visual Studio Version 17
VisualStudioVersion = 17.12.35309.182
MinimumVisualStudioVersion = 10.0.40219.1
Project("{FAE04EC0-301F-11D3-BF4B-00C04F79EFBC}") = "BankCard", "BankCard\BankCard.csproj", "{6C712F40-69FF-41CD-9FD1-DC406D5D82AA}"
EndProject
Project("{FAE04EC0-301F-11D3-BF4B-00C04F79EFBC}") = "Host", "Host\Host.csproj", "{15B05002-207A-4B4F-ACB9-C2E9E1692A78}"
EndProject
Global
	GlobalSection(SolutionConfigurationPlatforms) = preSolution
		Debug|Any CPU = Debug|Any CPU
		Release|Any CPU = Release|Any CPU
	EndGlobalSection
	GlobalSection(ProjectConfigurationPlatforms) = postSolution
		{6C712F40-69FF-41CD-9FD1-DC406D5D82AA}.Debug|Any CPU.ActiveCfg = Debug|Any CPU
		{6C712F40-69FF-41CD-9FD1-DC406D5D82AA}.Debug|Any CPU.Build.0 = Debug|Any CPU
		{6C712F40-69FF-41CD-9FD1-DC406D5D82AA}.Release|Any CPU.ActiveCfg = Release|Any CPU
		{6C712F40-69FF-41CD-9FD1-DC406D5D82AA}.Release|Any CPU.Build.0 = Release|Any CPU
		{15B05002-207A-4B4F-ACB9-C2E9E1692A78}.Debug|Any CPU.ActiveCfg = Debug|Any CPU
		{15B05002-207A-4B4F-ACB9-C2E9E1692A78}.Debug|Any CPU.Build.0 = Debug|Any CPU
		{15B05002-207A-4B4F-ACB9-C2E9E1692A78}.Release|Any CPU.ActiveCfg = Release|Any CPU
		{15B05002-207A-4B4F-ACB9-C2E9E1692A78}.Release|Any CPU.Build.0 = Release|Any CPU
	EndGlobalSection
	GlobalSection(SolutionProperties) = preSolution
		HideSolutionNode = FALSE
	EndGlobalSection
	GlobalSection(ExtensibilityGlobals) = postSolution
		SolutionGuid = {81A6D48A-15CA-4E79-8781-FADED6D589CE}
	EndGlobalSection
EndGlobal
