
Microsoft Visual Studio Solution File, Format Version 12.00
# Visual Studio Version 17
VisualStudioVersion = 17.6.33815.320
MinimumVisualStudioVersion = 10.0.40219.1
Project("{FAE04EC0-301F-11D3-BF4B-00C04F79EFBC}") = "Diák_Osztály", "Diák_Osztály\Diák_Osztály.csproj", "{4AA98875-1E68-41B9-92D8-111229E98153}"
EndProject
Global
	GlobalSection(SolutionConfigurationPlatforms) = preSolution
		Debug|Any CPU = Debug|Any CPU
		Release|Any CPU = Release|Any CPU
	EndGlobalSection
	GlobalSection(ProjectConfigurationPlatforms) = postSolution
		{4AA98875-1E68-41B9-92D8-111229E98153}.Debug|Any CPU.ActiveCfg = Debug|Any CPU
		{4AA98875-1E68-41B9-92D8-111229E98153}.Debug|Any CPU.Build.0 = Debug|Any CPU
		{4AA98875-1E68-41B9-92D8-111229E98153}.Release|Any CPU.ActiveCfg = Release|Any CPU
		{4AA98875-1E68-41B9-92D8-111229E98153}.Release|Any CPU.Build.0 = Release|Any CPU
	EndGlobalSection
	GlobalSection(SolutionProperties) = preSolution
		HideSolutionNode = FALSE
	EndGlobalSection
	GlobalSection(ExtensibilityGlobals) = postSolution
		SolutionGuid = {EAB0FBF8-294A-4E1B-957E-579417885C01}
	EndGlobalSection
EndGlobal
