
Microsoft Visual Studio Solution File, Format Version 12.00
# Visual Studio Version 17
VisualStudioVersion = 17.6.33815.320
MinimumVisualStudioVersion = 10.0.40219.1
Project("{FAE04EC0-301F-11D3-BF4B-00C04F79EFBC}") = "BC_Server", "BC_Server\BC_Server.csproj", "{7DAA82D2-50B2-426F-95E5-738C43E7BC7D}"
EndProject
Project("{FAE04EC0-301F-11D3-BF4B-00C04F79EFBC}") = "BC_Host(2)", "BC_Host(2)\BC_Host(2).csproj", "{94DB7C28-6578-4D40-B828-6C561C323107}"
EndProject
Global
	GlobalSection(SolutionConfigurationPlatforms) = preSolution
		Debug|Any CPU = Debug|Any CPU
		Release|Any CPU = Release|Any CPU
	EndGlobalSection
	GlobalSection(ProjectConfigurationPlatforms) = postSolution
		{7DAA82D2-50B2-426F-95E5-738C43E7BC7D}.Debug|Any CPU.ActiveCfg = Debug|Any CPU
		{7DAA82D2-50B2-426F-95E5-738C43E7BC7D}.Debug|Any CPU.Build.0 = Debug|Any CPU
		{7DAA82D2-50B2-426F-95E5-738C43E7BC7D}.Release|Any CPU.ActiveCfg = Release|Any CPU
		{7DAA82D2-50B2-426F-95E5-738C43E7BC7D}.Release|Any CPU.Build.0 = Release|Any CPU
		{94DB7C28-6578-4D40-B828-6C561C323107}.Debug|Any CPU.ActiveCfg = Debug|Any CPU
		{94DB7C28-6578-4D40-B828-6C561C323107}.Debug|Any CPU.Build.0 = Debug|Any CPU
		{94DB7C28-6578-4D40-B828-6C561C323107}.Release|Any CPU.ActiveCfg = Release|Any CPU
		{94DB7C28-6578-4D40-B828-6C561C323107}.Release|Any CPU.Build.0 = Release|Any CPU
	EndGlobalSection
	GlobalSection(SolutionProperties) = preSolution
		HideSolutionNode = FALSE
	EndGlobalSection
	GlobalSection(ExtensibilityGlobals) = postSolution
		SolutionGuid = {35618603-D573-40C5-9B2C-F4E65FA3499B}
	EndGlobalSection
EndGlobal
